
Microsoft Visual Studio Solution File, Format Version 12.00
# Visual Studio 2012
Project("{FAE04EC0-301F-11D3-BF4B-00C04F79EFBC}") = "NuGetPackages", "NuGetPackages\NuGetPackages.csproj", "{FDBEEFA7-C9D4-462B-B249-B30F07BC934E}"
EndProject
Project("{FAE04EC0-301F-11D3-BF4B-00C04F79EFBC}") = "DbStatusProvider", "DbStatusProvider\DbStatusProvider.csproj", "{CC5B7896-5669-46A5-BB8F-ECCB30B7BA09}"
EndProject
Global
	GlobalSection(SolutionConfigurationPlatforms) = preSolution
		Debug|Any CPU = Debug|Any CPU
		Release|Any CPU = Release|Any CPU
	EndGlobalSection
	GlobalSection(ProjectConfigurationPlatforms) = postSolution
		{FDBEEFA7-C9D4-462B-B249-B30F07BC934E}.Debug|Any CPU.ActiveCfg = Debug|Any CPU
		{FDBEEFA7-C9D4-462B-B249-B30F07BC934E}.Debug|Any CPU.Build.0 = Debug|Any CPU
		{FDBEEFA7-C9D4-462B-B249-B30F07BC934E}.Release|Any CPU.ActiveCfg = Release|Any CPU
		{FDBEEFA7-C9D4-462B-B249-B30F07BC934E}.Release|Any CPU.Build.0 = Release|Any CPU
		{CC5B7896-5669-46A5-BB8F-ECCB30B7BA09}.Debug|Any CPU.ActiveCfg = Debug|Any CPU
		{CC5B7896-5669-46A5-BB8F-ECCB30B7BA09}.Debug|Any CPU.Build.0 = Debug|Any CPU
		{CC5B7896-5669-46A5-BB8F-ECCB30B7BA09}.Release|Any CPU.ActiveCfg = Release|Any CPU
		{CC5B7896-5669-46A5-BB8F-ECCB30B7BA09}.Release|Any CPU.Build.0 = Release|Any CPU
	EndGlobalSection
	GlobalSection(SolutionProperties) = preSolution
		HideSolutionNode = FALSE
	EndGlobalSection
EndGlobal
